
Microsoft Visual Studio Solution File, Format Version 12.00
# Visual Studio Version 16
VisualStudioVersion = 16.0.29215.179
MinimumVisualStudioVersion = 10.0.40219.1
Project("{FAE04EC0-301F-11D3-BF4B-00C04F79EFBC}") = "StickFigure", "StickFigure.csproj", "{4DABA1EE-8EA6-44BC-AF1A-BB6064362D5B}"
EndProject
Global
	GlobalSection(SolutionConfigurationPlatforms) = preSolution
		Debug|Any CPU = Debug|Any CPU
		Release|Any CPU = Release|Any CPU
	EndGlobalSection
	GlobalSection(ProjectConfigurationPlatforms) = postSolution
		{4DABA1EE-8EA6-44BC-AF1A-BB6064362D5B}.Debug|Any CPU.ActiveCfg = Debug|Any CPU
		{4DABA1EE-8EA6-44BC-AF1A-BB6064362D5B}.Debug|Any CPU.Build.0 = Debug|Any CPU
		{4DABA1EE-8EA6-44BC-AF1A-BB6064362D5B}.Release|Any CPU.ActiveCfg = Release|Any CPU
		{4DABA1EE-8EA6-44BC-AF1A-BB6064362D5B}.Release|Any CPU.Build.0 = Release|Any CPU
	EndGlobalSection
	GlobalSection(SolutionProperties) = preSolution
		HideSolutionNode = FALSE
	EndGlobalSection
	GlobalSection(ExtensibilityGlobals) = postSolution
		SolutionGuid = {860ACC23-B057-4F24-ADD8-40C1F605B3D0}
	EndGlobalSection
EndGlobal
